Microsoft Visual Studio Solution File, Format Version 12.00
# Visual Studio Version 17
VisualStudioVersion = 17.5.2.0
MinimumVisualStudioVersion = 10.0.40219.1
Project("{2150E333-8FDC-42A3-9474-1A3956D46DE8}") = "food-delivery-app", "food-delivery-app", "{174B9577-B7A2-AD83-26D9-30DFB5647A28}"
EndProject
Project("{2150E333-8FDC-42A3-9474-1A3956D46DE8}") = "backend", "backend", "{67A6D672-FBCF-56CD-9D9E-283E69287076}"
EndProject
Project("{FAE04EC0-301F-11D3-BF4B-00C04F79EFBC}") = "FoodDeliveryAPI", "food-delivery-app\backend\FoodDeliveryAPI.csproj", "{C75C3B82-2A09-0905-76EE-DC3C18B939CC}"
EndProject
Global
	GlobalSection(SolutionConfigurationPlatforms) = preSolution
		Debug|Any CPU = Debug|Any CPU
		Release|Any CPU = Release|Any CPU
	EndGlobalSection
	GlobalSection(ProjectConfigurationPlatforms) = postSolution
		{C75C3B82-2A09-0905-76EE-DC3C18B939CC}.Debug|Any CPU.ActiveCfg = Debug|Any CPU
		{C75C3B82-2A09-0905-76EE-DC3C18B939CC}.Debug|Any CPU.Build.0 = Debug|Any CPU
		{C75C3B82-2A09-0905-76EE-DC3C18B939CC}.Release|Any CPU.ActiveCfg = Release|Any CPU
		{C75C3B82-2A09-0905-76EE-DC3C18B939CC}.Release|Any CPU.Build.0 = Release|Any CPU
	EndGlobalSection
	GlobalSection(SolutionProperties) = preSolution
		HideSolutionNode = FALSE
	EndGlobalSection
	GlobalSection(NestedProjects) = preSolution
		{67A6D672-FBCF-56CD-9D9E-283E69287076} = {174B9577-B7A2-AD83-26D9-30DFB5647A28}
		{C75C3B82-2A09-0905-76EE-DC3C18B939CC} = {67A6D672-FBCF-56CD-9D9E-283E69287076}
	EndGlobalSection
	GlobalSection(ExtensibilityGlobals) = postSolution
		SolutionGuid = {ADABAB1C-259E-461B-A99D-D1979687C566}
	EndGlobalSection
EndGlobal
